
Microsoft Visual Studio Solution File, Format Version 12.00
# Visual Studio Version 16
VisualStudioVersion = 16.0.30717.126
MinimumVisualStudioVersion = 15.0.26124.0
Project("{9A19103F-16F7-4668-BE54-9A1E7A4F7556}") = "Domain", "Domain\Domain.csproj", "{16039CCF-ABF9-4CC7-9B60-AA10F7D7B045}"
EndProject
Project("{9A19103F-16F7-4668-BE54-9A1E7A4F7556}") = "Application", "Application\Application.csproj", "{15C4594A-6BE5-4116-A53D-C3DCF8351EAF}"
EndProject
Project("{9A19103F-16F7-4668-BE54-9A1E7A4F7556}") = "DataAccess", "DataAccess\DataAccess.csproj", "{AA5FEA43-1BF0-4B7B-9A00-23C9DA88D8A1}"
EndProject
Project("{9A19103F-16F7-4668-BE54-9A1E7A4F7556}") = "WebApp", "WebApp\WebApp.csproj", "{015F6C5C-47A1-42FB-BA20-17FF7BE71459}"
EndProject
Project("{9A19103F-16F7-4668-BE54-9A1E7A4F7556}") = "Utils", "Utils\Utils.csproj", "{B23D3FF3-42BF-4D9B-9111-D1D9406A2B10}"
EndProject
Project("{9A19103F-16F7-4668-BE54-9A1E7A4F7556}") = "DomainServices.Interfaces", "DomainServices.Interfaces\DomainServices.Interfaces.csproj", "{431C56A3-CCB7-4F6C-BE46-3632D55623F7}"
EndProject
Project("{9A19103F-16F7-4668-BE54-9A1E7A4F7556}") = "DomainServices.Implementation", "DomainServices.Implementation\DomainServices.Implementation.csproj", "{7D52B845-C53C-484C-893C-FF164885A75B}"
EndProject
Project("{2150E333-8FDC-42A3-9474-1A3956D46DE8}") = "0 Utils", "0 Utils", "{F929A798-918C-49AB-9CD0-BF6BD86B62C9}"
EndProject
Project("{2150E333-8FDC-42A3-9474-1A3956D46DE8}") = "1 Entities", "1 Entities", "{A54116ED-9554-4D74-A12B-CC78FA71D9D6}"
EndProject
Project("{9A19103F-16F7-4668-BE54-9A1E7A4F7556}") = "Infrastructure.Interfaces", "DataAccess.Interfaces\Infrastructure.Interfaces.csproj", "{D3493406-A0C1-4331-87D0-98A66FE27DD7}"
EndProject
Project("{FAE04EC0-301F-11D3-BF4B-00C04F79EFBC}") = "Infrastructure.Implementation", "Infrastructure.Implementation\Infrastructure.Implementation.csproj", "{A16B2462-C32B-4BB5-A4DC-13D384CB06B1}"
EndProject
Project("{2150E333-8FDC-42A3-9474-1A3956D46DE8}") = "2 Infrastructure.Interfaces", "2 Infrastructure.Interfaces", "{0B589E2E-98C1-4969-A577-70C226073741}"
EndProject
Project("{2150E333-8FDC-42A3-9474-1A3956D46DE8}") = "3 Infrastructure.Implementation", "3 Infrastructure.Implementation", "{F6B5C264-79F4-4596-B909-B26861C4A3DA}"
EndProject
Global
	GlobalSection(SolutionConfigurationPlatforms) = preSolution
		Debug|Any CPU = Debug|Any CPU
		Debug|x64 = Debug|x64
		Debug|x86 = Debug|x86
		Release|Any CPU = Release|Any CPU
		Release|x64 = Release|x64
		Release|x86 = Release|x86
	EndGlobalSection
	GlobalSection(ProjectConfigurationPlatforms) = postSolution
		{16039CCF-ABF9-4CC7-9B60-AA10F7D7B045}.Debug|Any CPU.ActiveCfg = Debug|Any CPU
		{16039CCF-ABF9-4CC7-9B60-AA10F7D7B045}.Debug|Any CPU.Build.0 = Debug|Any CPU
		{16039CCF-ABF9-4CC7-9B60-AA10F7D7B045}.Debug|x64.ActiveCfg = Debug|Any CPU
		{16039CCF-ABF9-4CC7-9B60-AA10F7D7B045}.Debug|x64.Build.0 = Debug|Any CPU
		{16039CCF-ABF9-4CC7-9B60-AA10F7D7B045}.Debug|x86.ActiveCfg = Debug|Any CPU
		{16039CCF-ABF9-4CC7-9B60-AA10F7D7B045}.Debug|x86.Build.0 = Debug|Any CPU
		{16039CCF-ABF9-4CC7-9B60-AA10F7D7B045}.Release|Any CPU.ActiveCfg = Release|Any CPU
		{16039CCF-ABF9-4CC7-9B60-AA10F7D7B045}.Release|Any CPU.Build.0 = Release|Any CPU
		{16039CCF-ABF9-4CC7-9B60-AA10F7D7B045}.Release|x64.ActiveCfg = Release|Any CPU
		{16039CCF-ABF9-4CC7-9B60-AA10F7D7B045}.Release|x64.Build.0 = Release|Any CPU
		{16039CCF-ABF9-4CC7-9B60-AA10F7D7B045}.Release|x86.ActiveCfg = Release|Any CPU
		{16039CCF-ABF9-4CC7-9B60-AA10F7D7B045}.Release|x86.Build.0 = Release|Any CPU
		{15C4594A-6BE5-4116-A53D-C3DCF8351EAF}.Debug|Any CPU.ActiveCfg = Debug|Any CPU
		{15C4594A-6BE5-4116-A53D-C3DCF8351EAF}.Debug|Any CPU.Build.0 = Debug|Any CPU
		{15C4594A-6BE5-4116-A53D-C3DCF8351EAF}.Debug|x64.ActiveCfg = Debug|Any CPU
		{15C4594A-6BE5-4116-A53D-C3DCF8351EAF}.Debug|x64.Build.0 = Debug|Any CPU
		{15C4594A-6BE5-4116-A53D-C3DCF8351EAF}.Debug|x86.ActiveCfg = Debug|Any CPU
		{15C4594A-6BE5-4116-A53D-C3DCF8351EAF}.Debug|x86.Build.0 = Debug|Any CPU
		{15C4594A-6BE5-4116-A53D-C3DCF8351EAF}.Release|Any CPU.ActiveCfg = Release|Any CPU
		{15C4594A-6BE5-4116-A53D-C3DCF8351EAF}.Release|Any CPU.Build.0 = Release|Any CPU
		{15C4594A-6BE5-4116-A53D-C3DCF8351EAF}.Release|x64.ActiveCfg = Release|Any CPU
		{15C4594A-6BE5-4116-A53D-C3DCF8351EAF}.Release|x64.Build.0 = Release|Any CPU
		{15C4594A-6BE5-4116-A53D-C3DCF8351EAF}.Release|x86.ActiveCfg = Release|Any CPU
		{15C4594A-6BE5-4116-A53D-C3DCF8351EAF}.Release|x86.Build.0 = Release|Any CPU
		{AA5FEA43-1BF0-4B7B-9A00-23C9DA88D8A1}.Debug|Any CPU.ActiveCfg = Debug|Any CPU
		{AA5FEA43-1BF0-4B7B-9A00-23C9DA88D8A1}.Debug|Any CPU.Build.0 = Debug|Any CPU
		{AA5FEA43-1BF0-4B7B-9A00-23C9DA88D8A1}.Debug|x64.ActiveCfg = Debug|Any CPU
		{AA5FEA43-1BF0-4B7B-9A00-23C9DA88D8A1}.Debug|x64.Build.0 = Debug|Any CPU
		{AA5FEA43-1BF0-4B7B-9A00-23C9DA88D8A1}.Debug|x86.ActiveCfg = Debug|Any CPU
		{AA5FEA43-1BF0-4B7B-9A00-23C9DA88D8A1}.Debug|x86.Build.0 = Debug|Any CPU
		{AA5FEA43-1BF0-4B7B-9A00-23C9DA88D8A1}.Release|Any CPU.ActiveCfg = Release|Any CPU
		{AA5FEA43-1BF0-4B7B-9A00-23C9DA88D8A1}.Release|Any CPU.Build.0 = Release|Any CPU
		{AA5FEA43-1BF0-4B7B-9A00-23C9DA88D8A1}.Release|x64.ActiveCfg = Release|Any CPU
		{AA5FEA43-1BF0-4B7B-9A00-23C9DA88D8A1}.Release|x64.Build.0 = Release|Any CPU
		{AA5FEA43-1BF0-4B7B-9A00-23C9DA88D8A1}.Release|x86.ActiveCfg = Release|Any CPU
		{AA5FEA43-1BF0-4B7B-9A00-23C9DA88D8A1}.Release|x86.Build.0 = Release|Any CPU
		{015F6C5C-47A1-42FB-BA20-17FF7BE71459}.Debug|Any CPU.ActiveCfg = Debug|Any CPU
		{015F6C5C-47A1-42FB-BA20-17FF7BE71459}.Debug|Any CPU.Build.0 = Debug|Any CPU
		{015F6C5C-47A1-42FB-BA20-17FF7BE71459}.Debug|x64.ActiveCfg = Debug|Any CPU
		{015F6C5C-47A1-42FB-BA20-17FF7BE71459}.Debug|x64.Build.0 = Debug|Any CPU
		{015F6C5C-47A1-42FB-BA20-17FF7BE71459}.Debug|x86.ActiveCfg = Debug|Any CPU
		{015F6C5C-47A1-42FB-BA20-17FF7BE71459}.Debug|x86.Build.0 = Debug|Any CPU
		{015F6C5C-47A1-42FB-BA20-17FF7BE71459}.Release|Any CPU.ActiveCfg = Release|Any CPU
		{015F6C5C-47A1-42FB-BA20-17FF7BE71459}.Release|Any CPU.Build.0 = Release|Any CPU
		{015F6C5C-47A1-42FB-BA20-17FF7BE71459}.Release|x64.ActiveCfg = Release|Any CPU
		{015F6C5C-47A1-42FB-BA20-17FF7BE71459}.Release|x64.Build.0 = Release|Any CPU
		{015F6C5C-47A1-42FB-BA20-17FF7BE71459}.Release|x86.ActiveCfg = Release|Any CPU
		{015F6C5C-47A1-42FB-BA20-17FF7BE71459}.Release|x86.Build.0 = Release|Any CPU
		{B23D3FF3-42BF-4D9B-9111-D1D9406A2B10}.Debug|Any CPU.ActiveCfg = Debug|Any CPU
		{B23D3FF3-42BF-4D9B-9111-D1D9406A2B10}.Debug|Any CPU.Build.0 = Debug|Any CPU
		{B23D3FF3-42BF-4D9B-9111-D1D9406A2B10}.Debug|x64.ActiveCfg = Debug|Any CPU
		{B23D3FF3-42BF-4D9B-9111-D1D9406A2B10}.Debug|x64.Build.0 = Debug|Any CPU
		{B23D3FF3-42BF-4D9B-9111-D1D9406A2B10}.Debug|x86.ActiveCfg = Debug|Any CPU
		{B23D3FF3-42BF-4D9B-9111-D1D9406A2B10}.Debug|x86.Build.0 = Debug|Any CPU
		{B23D3FF3-42BF-4D9B-9111-D1D9406A2B10}.Release|Any CPU.ActiveCfg = Release|Any CPU
		{B23D3FF3-42BF-4D9B-9111-D1D9406A2B10}.Release|Any CPU.Build.0 = Release|Any CPU
		{B23D3FF3-42BF-4D9B-9111-D1D9406A2B10}.Release|x64.ActiveCfg = Release|Any CPU
		{B23D3FF3-42BF-4D9B-9111-D1D9406A2B10}.Release|x64.Build.0 = Release|Any CPU
		{B23D3FF3-42BF-4D9B-9111-D1D9406A2B10}.Release|x86.ActiveCfg = Release|Any CPU
		{B23D3FF3-42BF-4D9B-9111-D1D9406A2B10}.Release|x86.Build.0 = Release|Any CPU
		{431C56A3-CCB7-4F6C-BE46-3632D55623F7}.Debug|Any CPU.ActiveCfg = Debug|Any CPU
		{431C56A3-CCB7-4F6C-BE46-3632D55623F7}.Debug|Any CPU.Build.0 = Debug|Any CPU
		{431C56A3-CCB7-4F6C-BE46-3632D55623F7}.Debug|x64.ActiveCfg = Debug|Any CPU
		{431C56A3-CCB7-4F6C-BE46-3632D55623F7}.Debug|x64.Build.0 = Debug|Any CPU
		{431C56A3-CCB7-4F6C-BE46-3632D55623F7}.Debug|x86.ActiveCfg = Debug|Any CPU
		{431C56A3-CCB7-4F6C-BE46-3632D55623F7}.Debug|x86.Build.0 = Debug|Any CPU
		{431C56A3-CCB7-4F6C-BE46-3632D55623F7}.Release|Any CPU.ActiveCfg = Release|Any CPU
		{431C56A3-CCB7-4F6C-BE46-3632D55623F7}.Release|Any CPU.Build.0 = Release|Any CPU
		{431C56A3-CCB7-4F6C-BE46-3632D55623F7}.Release|x64.ActiveCfg = Release|Any CPU
		{431C56A3-CCB7-4F6C-BE46-3632D55623F7}.Release|x64.Build.0 = Release|Any CPU
		{431C56A3-CCB7-4F6C-BE46-3632D55623F7}.Release|x86.ActiveCfg = Release|Any CPU
		{431C56A3-CCB7-4F6C-BE46-3632D55623F7}.Release|x86.Build.0 = Release|Any CPU
		{7D52B845-C53C-484C-893C-FF164885A75B}.Debug|Any CPU.ActiveCfg = Debug|Any CPU
		{7D52B845-C53C-484C-893C-FF164885A75B}.Debug|Any CPU.Build.0 = Debug|Any CPU
		{7D52B845-C53C-484C-893C-FF164885A75B}.Debug|x64.ActiveCfg = Debug|Any CPU
		{7D52B845-C53C-484C-893C-FF164885A75B}.Debug|x64.Build.0 = Debug|Any CPU
		{7D52B845-C53C-484C-893C-FF164885A75B}.Debug|x86.ActiveCfg = Debug|Any CPU
		{7D52B845-C53C-484C-893C-FF164885A75B}.Debug|x86.Build.0 = Debug|Any CPU
		{7D52B845-C53C-484C-893C-FF164885A75B}.Release|Any CPU.ActiveCfg = Release|Any CPU
		{7D52B845-C53C-484C-893C-FF164885A75B}.Release|Any CPU.Build.0 = Release|Any CPU
		{7D52B845-C53C-484C-893C-FF164885A75B}.Release|x64.ActiveCfg = Release|Any CPU
		{7D52B845-C53C-484C-893C-FF164885A75B}.Release|x64.Build.0 = Release|Any CPU
		{7D52B845-C53C-484C-893C-FF164885A75B}.Release|x86.ActiveCfg = Release|Any CPU
		{7D52B845-C53C-484C-893C-FF164885A75B}.Release|x86.Build.0 = Release|Any CPU
		{D3493406-A0C1-4331-87D0-98A66FE27DD7}.Debug|Any CPU.ActiveCfg = Debug|Any CPU
		{D3493406-A0C1-4331-87D0-98A66FE27DD7}.Debug|Any CPU.Build.0 = Debug|Any CPU
		{D3493406-A0C1-4331-87D0-98A66FE27DD7}.Debug|x64.ActiveCfg = Debug|Any CPU
		{D3493406-A0C1-4331-87D0-98A66FE27DD7}.Debug|x64.Build.0 = Debug|Any CPU
		{D3493406-A0C1-4331-87D0-98A66FE27DD7}.Debug|x86.ActiveCfg = Debug|Any CPU
		{D3493406-A0C1-4331-87D0-98A66FE27DD7}.Debug|x86.Build.0 = Debug|Any CPU
		{D3493406-A0C1-4331-87D0-98A66FE27DD7}.Release|Any CPU.ActiveCfg = Release|Any CPU
		{D3493406-A0C1-4331-87D0-98A66FE27DD7}.Release|Any CPU.Build.0 = Release|Any CPU
		{D3493406-A0C1-4331-87D0-98A66FE27DD7}.Release|x64.ActiveCfg = Release|Any CPU
		{D3493406-A0C1-4331-87D0-98A66FE27DD7}.Release|x64.Build.0 = Release|Any CPU
		{D3493406-A0C1-4331-87D0-98A66FE27DD7}.Release|x86.ActiveCfg = Release|Any CPU
		{D3493406-A0C1-4331-87D0-98A66FE27DD7}.Release|x86.Build.0 = Release|Any CPU
		{A16B2462-C32B-4BB5-A4DC-13D384CB06B1}.Debug|Any CPU.ActiveCfg = Debug|Any CPU
		{A16B2462-C32B-4BB5-A4DC-13D384CB06B1}.Debug|Any CPU.Build.0 = Debug|Any CPU
		{A16B2462-C32B-4BB5-A4DC-13D384CB06B1}.Debug|x64.ActiveCfg = Debug|Any CPU
		{A16B2462-C32B-4BB5-A4DC-13D384CB06B1}.Debug|x64.Build.0 = Debug|Any CPU
		{A16B2462-C32B-4BB5-A4DC-13D384CB06B1}.Debug|x86.ActiveCfg = Debug|Any CPU
		{A16B2462-C32B-4BB5-A4DC-13D384CB06B1}.Debug|x86.Build.0 = Debug|Any CPU
		{A16B2462-C32B-4BB5-A4DC-13D384CB06B1}.Release|Any CPU.ActiveCfg = Release|Any CPU
		{A16B2462-C32B-4BB5-A4DC-13D384CB06B1}.Release|Any CPU.Build.0 = Release|Any CPU
		{A16B2462-C32B-4BB5-A4DC-13D384CB06B1}.Release|x64.ActiveCfg = Release|Any CPU
		{A16B2462-C32B-4BB5-A4DC-13D384CB06B1}.Release|x64.Build.0 = Release|Any CPU
		{A16B2462-C32B-4BB5-A4DC-13D384CB06B1}.Release|x86.ActiveCfg = Release|Any CPU
		{A16B2462-C32B-4BB5-A4DC-13D384CB06B1}.Release|x86.Build.0 = Release|Any CPU
	EndGlobalSection
	GlobalSection(SolutionProperties) = preSolution
		HideSolutionNode = FALSE
	EndGlobalSection
	GlobalSection(NestedProjects) = preSolution
		{16039CCF-ABF9-4CC7-9B60-AA10F7D7B045} = {A54116ED-9554-4D74-A12B-CC78FA71D9D6}
		{AA5FEA43-1BF0-4B7B-9A00-23C9DA88D8A1} = {F6B5C264-79F4-4596-B909-B26861C4A3DA}
		{B23D3FF3-42BF-4D9B-9111-D1D9406A2B10} = {F929A798-918C-49AB-9CD0-BF6BD86B62C9}
		{431C56A3-CCB7-4F6C-BE46-3632D55623F7} = {A54116ED-9554-4D74-A12B-CC78FA71D9D6}
		{7D52B845-C53C-484C-893C-FF164885A75B} = {A54116ED-9554-4D74-A12B-CC78FA71D9D6}
		{D3493406-A0C1-4331-87D0-98A66FE27DD7} = {0B589E2E-98C1-4969-A577-70C226073741}
		{A16B2462-C32B-4BB5-A4DC-13D384CB06B1} = {F6B5C264-79F4-4596-B909-B26861C4A3DA}
	EndGlobalSection
	GlobalSection(ExtensibilityGlobals) = postSolution
		SolutionGuid = {6229FC2D-CAB7-44C6-8313-0F7AC4B77410}
	EndGlobalSection
EndGlobal
